
Microsoft Visual Studio Solution File, Format Version 12.00
# Visual Studio 15
VisualStudioVersion = 15.0.28010.2036
MinimumVisualStudioVersion = 10.0.40219.1
Project("{9A19103F-16F7-4668-BE54-9A1E7A4F7556}") = "SolidS", "SolidS\SolidS.csproj", "{4ACC2251-E90F-481D-9B8A-908BCF67A104}"
EndProject
Project("{9A19103F-16F7-4668-BE54-9A1E7A4F7556}") = "SolidO", "SolidO\SolidO.csproj", "{F6002AD5-2407-4A4F-A46F-10569362C2F4}"
EndProject
Project("{9A19103F-16F7-4668-BE54-9A1E7A4F7556}") = "SolidL", "SolidL\SolidL.csproj", "{BBA60973-C1F6-4386-886E-A8B820337DA4}"
EndProject
Project("{9A19103F-16F7-4668-BE54-9A1E7A4F7556}") = "SolidI", "SolidI\SolidI.csproj", "{F95E6B97-A25E-42D4-ADE6-81B09D7C642C}"
EndProject
Project("{9A19103F-16F7-4668-BE54-9A1E7A4F7556}") = "SolidD", "SolidD\SolidD.csproj", "{6318E0A6-1E7C-4884-B42D-207D4722A8D3}"
EndProject
Project("{2150E333-8FDC-42A3-9474-1A3956D46DE8}") = "Builder", "Builder", "{54319A4B-D59E-48EC-A27F-ADD00A5B0E91}"
EndProject
Project("{9A19103F-16F7-4668-BE54-9A1E7A4F7556}") = "BuilderPattern", "BuilderPattern\BuilderPattern.csproj", "{7DB579BE-D626-4FE0-8987-65744426968C}"
EndProject
Project("{9A19103F-16F7-4668-BE54-9A1E7A4F7556}") = "BuilderInheritance", "BuilderInheritance\BuilderInheritance.csproj", "{A91EC7AA-0FBE-414E-8C89-90493E3DF198}"
EndProject
Project("{9A19103F-16F7-4668-BE54-9A1E7A4F7556}") = "FacetedBuilder", "FacetedBuilder\FacetedBuilder.csproj", "{84A3A54A-1FBA-4C3E-AA1C-310DD973D764}"
EndProject
Project("{9A19103F-16F7-4668-BE54-9A1E7A4F7556}") = "Exercise", "Exercise\Exercise.csproj", "{E131D9FC-3600-47D0-82A9-4DBB644B494F}"
EndProject
Project("{2150E333-8FDC-42A3-9474-1A3956D46DE8}") = "Factory", "Factory", "{8302D1B4-5A5F-43B6-8682-22C37D5093E8}"
EndProject
Project("{9A19103F-16F7-4668-BE54-9A1E7A4F7556}") = "FactoryPattern", "FactoryPattern\FactoryPattern.csproj", "{2599E9A5-3F8B-4E75-848F-03F936C9B588}"
EndProject
Project("{9A19103F-16F7-4668-BE54-9A1E7A4F7556}") = "AbstractFactory", "AbstractFactory\AbstractFactory.csproj", "{582582BE-BFD9-44F8-AB99-AA970D74E2DC}"
EndProject
Project("{FAE04EC0-301F-11D3-BF4B-00C04F79EFBC}") = "Exercies", "Exercies\Exercies.csproj", "{36DA1928-BB5A-4F8D-B65F-7D05466FA5F7}"
EndProject
Global
	GlobalSection(SolutionConfigurationPlatforms) = preSolution
		Debug|Any CPU = Debug|Any CPU
		Release|Any CPU = Release|Any CPU
	EndGlobalSection
	GlobalSection(ProjectConfigurationPlatforms) = postSolution
		{4ACC2251-E90F-481D-9B8A-908BCF67A104}.Debug|Any CPU.ActiveCfg = Debug|Any CPU
		{4ACC2251-E90F-481D-9B8A-908BCF67A104}.Debug|Any CPU.Build.0 = Debug|Any CPU
		{4ACC2251-E90F-481D-9B8A-908BCF67A104}.Release|Any CPU.ActiveCfg = Release|Any CPU
		{4ACC2251-E90F-481D-9B8A-908BCF67A104}.Release|Any CPU.Build.0 = Release|Any CPU
		{F6002AD5-2407-4A4F-A46F-10569362C2F4}.Debug|Any CPU.ActiveCfg = Debug|Any CPU
		{F6002AD5-2407-4A4F-A46F-10569362C2F4}.Debug|Any CPU.Build.0 = Debug|Any CPU
		{F6002AD5-2407-4A4F-A46F-10569362C2F4}.Release|Any CPU.ActiveCfg = Release|Any CPU
		{F6002AD5-2407-4A4F-A46F-10569362C2F4}.Release|Any CPU.Build.0 = Release|Any CPU
		{BBA60973-C1F6-4386-886E-A8B820337DA4}.Debug|Any CPU.ActiveCfg = Debug|Any CPU
		{BBA60973-C1F6-4386-886E-A8B820337DA4}.Debug|Any CPU.Build.0 = Debug|Any CPU
		{BBA60973-C1F6-4386-886E-A8B820337DA4}.Release|Any CPU.ActiveCfg = Release|Any CPU
		{BBA60973-C1F6-4386-886E-A8B820337DA4}.Release|Any CPU.Build.0 = Release|Any CPU
		{F95E6B97-A25E-42D4-ADE6-81B09D7C642C}.Debug|Any CPU.ActiveCfg = Debug|Any CPU
		{F95E6B97-A25E-42D4-ADE6-81B09D7C642C}.Debug|Any CPU.Build.0 = Debug|Any CPU
		{F95E6B97-A25E-42D4-ADE6-81B09D7C642C}.Release|Any CPU.ActiveCfg = Release|Any CPU
		{F95E6B97-A25E-42D4-ADE6-81B09D7C642C}.Release|Any CPU.Build.0 = Release|Any CPU
		{6318E0A6-1E7C-4884-B42D-207D4722A8D3}.Debug|Any CPU.ActiveCfg = Debug|Any CPU
		{6318E0A6-1E7C-4884-B42D-207D4722A8D3}.Debug|Any CPU.Build.0 = Debug|Any CPU
		{6318E0A6-1E7C-4884-B42D-207D4722A8D3}.Release|Any CPU.ActiveCfg = Release|Any CPU
		{6318E0A6-1E7C-4884-B42D-207D4722A8D3}.Release|Any CPU.Build.0 = Release|Any CPU
		{7DB579BE-D626-4FE0-8987-65744426968C}.Debug|Any CPU.ActiveCfg = Debug|Any CPU
		{7DB579BE-D626-4FE0-8987-65744426968C}.Debug|Any CPU.Build.0 = Debug|Any CPU
		{7DB579BE-D626-4FE0-8987-65744426968C}.Release|Any CPU.ActiveCfg = Release|Any CPU
		{7DB579BE-D626-4FE0-8987-65744426968C}.Release|Any CPU.Build.0 = Release|Any CPU
		{A91EC7AA-0FBE-414E-8C89-90493E3DF198}.Debug|Any CPU.ActiveCfg = Debug|Any CPU
		{A91EC7AA-0FBE-414E-8C89-90493E3DF198}.Debug|Any CPU.Build.0 = Debug|Any CPU
		{A91EC7AA-0FBE-414E-8C89-90493E3DF198}.Release|Any CPU.ActiveCfg = Release|Any CPU
		{A91EC7AA-0FBE-414E-8C89-90493E3DF198}.Release|Any CPU.Build.0 = Release|Any CPU
		{84A3A54A-1FBA-4C3E-AA1C-310DD973D764}.Debug|Any CPU.ActiveCfg = Debug|Any CPU
		{84A3A54A-1FBA-4C3E-AA1C-310DD973D764}.Debug|Any CPU.Build.0 = Debug|Any CPU
		{84A3A54A-1FBA-4C3E-AA1C-310DD973D764}.Release|Any CPU.ActiveCfg = Release|Any CPU
		{84A3A54A-1FBA-4C3E-AA1C-310DD973D764}.Release|Any CPU.Build.0 = Release|Any CPU
		{E131D9FC-3600-47D0-82A9-4DBB644B494F}.Debug|Any CPU.ActiveCfg = Debug|Any CPU
		{E131D9FC-3600-47D0-82A9-4DBB644B494F}.Debug|Any CPU.Build.0 = Debug|Any CPU
		{E131D9FC-3600-47D0-82A9-4DBB644B494F}.Release|Any CPU.ActiveCfg = Release|Any CPU
		{E131D9FC-3600-47D0-82A9-4DBB644B494F}.Release|Any CPU.Build.0 = Release|Any CPU
		{2599E9A5-3F8B-4E75-848F-03F936C9B588}.Debug|Any CPU.ActiveCfg = Debug|Any CPU
		{2599E9A5-3F8B-4E75-848F-03F936C9B588}.Debug|Any CPU.Build.0 = Debug|Any CPU
		{2599E9A5-3F8B-4E75-848F-03F936C9B588}.Release|Any CPU.ActiveCfg = Release|Any CPU
		{2599E9A5-3F8B-4E75-848F-03F936C9B588}.Release|Any CPU.Build.0 = Release|Any CPU
		{582582BE-BFD9-44F8-AB99-AA970D74E2DC}.Debug|Any CPU.ActiveCfg = Debug|Any CPU
		{582582BE-BFD9-44F8-AB99-AA970D74E2DC}.Debug|Any CPU.Build.0 = Debug|Any CPU
		{582582BE-BFD9-44F8-AB99-AA970D74E2DC}.Release|Any CPU.ActiveCfg = Release|Any CPU
		{582582BE-BFD9-44F8-AB99-AA970D74E2DC}.Release|Any CPU.Build.0 = Release|Any CPU
		{36DA1928-BB5A-4F8D-B65F-7D05466FA5F7}.Debug|Any CPU.ActiveCfg = Debug|Any CPU
		{36DA1928-BB5A-4F8D-B65F-7D05466FA5F7}.Debug|Any CPU.Build.0 = Debug|Any CPU
		{36DA1928-BB5A-4F8D-B65F-7D05466FA5F7}.Release|Any CPU.ActiveCfg = Release|Any CPU
		{36DA1928-BB5A-4F8D-B65F-7D05466FA5F7}.Release|Any CPU.Build.0 = Release|Any CPU
	EndGlobalSection
	GlobalSection(SolutionProperties) = preSolution
		HideSolutionNode = FALSE
	EndGlobalSection
	GlobalSection(NestedProjects) = preSolution
		{7DB579BE-D626-4FE0-8987-65744426968C} = {54319A4B-D59E-48EC-A27F-ADD00A5B0E91}
		{A91EC7AA-0FBE-414E-8C89-90493E3DF198} = {54319A4B-D59E-48EC-A27F-ADD00A5B0E91}
		{84A3A54A-1FBA-4C3E-AA1C-310DD973D764} = {54319A4B-D59E-48EC-A27F-ADD00A5B0E91}
		{E131D9FC-3600-47D0-82A9-4DBB644B494F} = {54319A4B-D59E-48EC-A27F-ADD00A5B0E91}
		{2599E9A5-3F8B-4E75-848F-03F936C9B588} = {8302D1B4-5A5F-43B6-8682-22C37D5093E8}
		{582582BE-BFD9-44F8-AB99-AA970D74E2DC} = {8302D1B4-5A5F-43B6-8682-22C37D5093E8}
		{36DA1928-BB5A-4F8D-B65F-7D05466FA5F7} = {8302D1B4-5A5F-43B6-8682-22C37D5093E8}
	EndGlobalSection
	GlobalSection(ExtensibilityGlobals) = postSolution
		SolutionGuid = {3B6ED2CC-5FE8-4230-BA2D-478A4FD8426B}
	EndGlobalSection
EndGlobal
